go.rytswd/gocon-main-demo/examples/3-all-in-one/src/brazil-farm v0.0.0-20220418004622-a1e71f589235 h1:WzKWp085jJI9/ScUYrqfHiFW33Khp2Ch0xLIZi2Wp8g=
go.rytswd/gocon-main-demo/examples/3-all-in-one/src/brazil-farm v0.0.0-20220418004622-a1e71f589235/go.mod h1:s+xepkslVtJe/iWiDTHdzMHz6ICl9cFEcdq4onDR0gw=
go.rytswd/gocon-main-demo/examples/3-all-in-one/src/colombia-farm v0.0.0-20220418004622-a1e71f589235 h1:BAtjwzOGHhD/XFzgUZfo62RzkD+fCK3vg+YytBnqxKs=
go.rytswd/gocon-main-demo/examples/3-all-in-one/src/colombia-farm v0.0.0-20220418004622-a1e71f589235/go.mod h1:dU7fZeEK2tV2SVyhMup0D2n++n50TB4iRFNhrUa4GjM=
go.rytswd/gocon-main-demo/examples/3-all-in-one/src/uk-farm v0.0.0-20220418004622-a1e71f589235 h1:H+yJCzPKEKYZLIcwTXGUe6xze2NZVF1Ems1N1lB1mFg=
go.rytswd/gocon-main-demo/examples/3-all-in-one/src/uk-farm v0.0.0-20220418004622-a1e71f589235/go.mod h1:0d/wzbbDcK7DE8KnFwPEXOKDpg9qbi32OWwOtXWGQlU=
